# THIS IS AN AUTOGENERATED FILE. DO NOT EDIT THIS FILE DIRECTLY.
# yarn lockfile v1
"@types/rethinkdb-job-queue@file:../typings/rethinkdb-job-queue/":
  version "0.0.5"

bluebird@^3.5.0, "bluebird@>= 3.0.1":
  version "3.5.0"
  resolved "https://registry.yarnpkg.com/bluebird/-/bluebird-3.5.0.tgz#791420d7f551eea2897453a8a77653f96606d67c"

debug@^2.6.3:
  version "2.6.6"
  resolved "https://registry.yarnpkg.com/debug/-/debug-2.6.6.tgz#a9fa6fbe9ca43cf1e79f73b75c0189cbb7d6db5a"
  dependencies:
    ms "0.7.3"

ms@0.7.3:
  version "0.7.3"
  resolved "https://registry.yarnpkg.com/ms/-/ms-0.7.3.tgz#708155a5e44e33f5fd0fc53e81d0d40a91be1fff"

rethinkdb-job-queue:
  version "3.1.0"
  resolved "https://registry.yarnpkg.com/rethinkdb-job-queue/-/rethinkdb-job-queue-3.1.0.tgz#1dd35de78b31aa2108fdfe9331cf66f056e007ae"
  dependencies:
    bluebird "^3.5.0"
    debug "^2.6.3"
    rethinkdbdash "^2.3.28"
    serialize-error "^2.1.0"
    uuid "^3.0.1"

rethinkdbdash@^2.3.28:
  version "2.3.28"
  resolved "https://registry.yarnpkg.com/rethinkdbdash/-/rethinkdbdash-2.3.28.tgz#f15fed3a2f0c178155fcadb6fc212b3df80f73df"
  dependencies:
    bluebird ">= 3.0.1"

serialize-error@^2.1.0:
  version "2.1.0"
  resolved "https://registry.yarnpkg.com/serialize-error/-/serialize-error-2.1.0.tgz#50b679d5635cdf84667bdc8e59af4e5b81d5f60a"

uuid@^3.0.1:
  version "3.0.1"
  resolved "https://registry.yarnpkg.com/uuid/-/uuid-3.0.1.tgz#6544bba2dfda8c1cf17e629a3a305e2bb1fee6c1"

